
Microsoft Visual Studio Solution File, Format Version 12.00
# Visual Studio Version 17
VisualStudioVersion = 17.8.34330.188
MinimumVisualStudioVersion = 10.0.40219.1
Project("{2150E333-8FDC-42A3-9474-1A3956D46DE8}") = "Basics", "Basics", "{721150E7-0326-466B-A66C-3B96AC970DE9}"
EndProject
Project("{FAE04EC0-301F-11D3-BF4B-00C04F79EFBC}") = "Moongazing.Client", "Basics\Moongazing.Client\Moongazing.Client.csproj", "{E4E4C63D-52EF-49E6-B904-8726AA15BCAD}"
EndProject
Project("{FAE04EC0-301F-11D3-BF4B-00C04F79EFBC}") = "Moongazing.Server", "Basics\Moongazing.Server\Moongazing.Server.csproj", "{909243CF-DB1F-458E-9661-4CD4FD4BBC16}"
EndProject
Project("{2150E333-8FDC-42A3-9474-1A3956D46DE8}") = "protos", "protos", "{DE699816-94A9-42B4-937E-FBC1673CEC23}"
	ProjectSection(SolutionItems) = preProject
		Basics\protos\hello.proto = Basics\protos\hello.proto
	EndProjectSection
EndProject
Global
	GlobalSection(SolutionConfigurationPlatforms) = preSolution
		Debug|Any CPU = Debug|Any CPU
		Release|Any CPU = Release|Any CPU
	EndGlobalSection
	GlobalSection(ProjectConfigurationPlatforms) = postSolution
		{E4E4C63D-52EF-49E6-B904-8726AA15BCAD}.Debug|Any CPU.ActiveCfg = Debug|Any CPU
		{E4E4C63D-52EF-49E6-B904-8726AA15BCAD}.Debug|Any CPU.Build.0 = Debug|Any CPU
		{E4E4C63D-52EF-49E6-B904-8726AA15BCAD}.Release|Any CPU.ActiveCfg = Release|Any CPU
		{E4E4C63D-52EF-49E6-B904-8726AA15BCAD}.Release|Any CPU.Build.0 = Release|Any CPU
		{909243CF-DB1F-458E-9661-4CD4FD4BBC16}.Debug|Any CPU.ActiveCfg = Debug|Any CPU
		{909243CF-DB1F-458E-9661-4CD4FD4BBC16}.Debug|Any CPU.Build.0 = Debug|Any CPU
		{909243CF-DB1F-458E-9661-4CD4FD4BBC16}.Release|Any CPU.ActiveCfg = Release|Any CPU
		{909243CF-DB1F-458E-9661-4CD4FD4BBC16}.Release|Any CPU.Build.0 = Release|Any CPU
	EndGlobalSection
	GlobalSection(SolutionProperties) = preSolution
		HideSolutionNode = FALSE
	EndGlobalSection
	GlobalSection(NestedProjects) = preSolution
		{E4E4C63D-52EF-49E6-B904-8726AA15BCAD} = {721150E7-0326-466B-A66C-3B96AC970DE9}
		{909243CF-DB1F-458E-9661-4CD4FD4BBC16} = {721150E7-0326-466B-A66C-3B96AC970DE9}
		{DE699816-94A9-42B4-937E-FBC1673CEC23} = {721150E7-0326-466B-A66C-3B96AC970DE9}
	EndGlobalSection
	GlobalSection(ExtensibilityGlobals) = postSolution
		SolutionGuid = {1D07BB14-24D0-4D80-878F-7A3C57897101}
	EndGlobalSection
EndGlobal
